
Microsoft Visual Studio Solution File, Format Version 12.00
# Visual Studio 2012
Project("{FAE04EC0-301F-11D3-BF4B-00C04F79EFBC}") = "Excho.Data.Models", "Excho.Data.Models\Excho.Data.Models.csproj", "{52520331-7F98-4B42-9CDE-6F23629ED492}"
EndProject
Project("{F2A71F9B-5D33-465A-A702-920D77279786}") = "Excho.Trading", "Excho.Trading\Excho.Trading.fsproj", "{60DADF7B-0AC3-4FB8-B2D3-583DDDED0A34}"
EndProject
Project("{F2A71F9B-5D33-465A-A702-920D77279786}") = "Excho.Logistics", "Excho.Logistics\Excho.Logistics.fsproj", "{19DC4AAB-4E7B-4402-B8B2-E25022043D89}"
EndProject
Project("{F2A71F9B-5D33-465A-A702-920D77279786}") = "Excho.Core", "Excho.Core\Excho.Core.fsproj", "{B4BF3756-C413-49AD-8556-DA86D3AFEE4F}"
EndProject
Global
	GlobalSection(SolutionConfigurationPlatforms) = preSolution
		Debug|Any CPU = Debug|Any CPU
		Release|Any CPU = Release|Any CPU
	EndGlobalSection
	GlobalSection(ProjectConfigurationPlatforms) = postSolution
		{52520331-7F98-4B42-9CDE-6F23629ED492}.Debug|Any CPU.ActiveCfg = Debug|Any CPU
		{52520331-7F98-4B42-9CDE-6F23629ED492}.Debug|Any CPU.Build.0 = Debug|Any CPU
		{52520331-7F98-4B42-9CDE-6F23629ED492}.Release|Any CPU.ActiveCfg = Release|Any CPU
		{52520331-7F98-4B42-9CDE-6F23629ED492}.Release|Any CPU.Build.0 = Release|Any CPU
		{60DADF7B-0AC3-4FB8-B2D3-583DDDED0A34}.Debug|Any CPU.ActiveCfg = Debug|Any CPU
		{60DADF7B-0AC3-4FB8-B2D3-583DDDED0A34}.Debug|Any CPU.Build.0 = Debug|Any CPU
		{60DADF7B-0AC3-4FB8-B2D3-583DDDED0A34}.Release|Any CPU.ActiveCfg = Release|Any CPU
		{60DADF7B-0AC3-4FB8-B2D3-583DDDED0A34}.Release|Any CPU.Build.0 = Release|Any CPU
		{19DC4AAB-4E7B-4402-B8B2-E25022043D89}.Debug|Any CPU.ActiveCfg = Debug|Any CPU
		{19DC4AAB-4E7B-4402-B8B2-E25022043D89}.Debug|Any CPU.Build.0 = Debug|Any CPU
		{19DC4AAB-4E7B-4402-B8B2-E25022043D89}.Release|Any CPU.ActiveCfg = Release|Any CPU
		{19DC4AAB-4E7B-4402-B8B2-E25022043D89}.Release|Any CPU.Build.0 = Release|Any CPU
		{B4BF3756-C413-49AD-8556-DA86D3AFEE4F}.Debug|Any CPU.ActiveCfg = Debug|Any CPU
		{B4BF3756-C413-49AD-8556-DA86D3AFEE4F}.Debug|Any CPU.Build.0 = Debug|Any CPU
		{B4BF3756-C413-49AD-8556-DA86D3AFEE4F}.Release|Any CPU.ActiveCfg = Release|Any CPU
		{B4BF3756-C413-49AD-8556-DA86D3AFEE4F}.Release|Any CPU.Build.0 = Release|Any CPU
	EndGlobalSection
	GlobalSection(SolutionProperties) = preSolution
		HideSolutionNode = FALSE
	EndGlobalSection
EndGlobal
